
Microsoft Visual Studio Solution File, Format Version 12.00
# Visual Studio Version 16
VisualStudioVersion = 16.0.30611.23
MinimumVisualStudioVersion = 10.0.40219.1
Project("{8BC9CEB8-8B4A-11D0-8D11-00A0C91BC942}") = "SandBox", "SandBox\SandBox.vcxproj", "{18B6F09B-08A9-49EB-B9AA-C7D7DEBF9F76}"
EndProject
Project("{8BC9CEB8-8B4A-11D0-8D11-00A0C91BC942}") = "WooEngine", "WooEngine\WooEngine.vcxproj", "{1E8C9535-BE19-4237-B713-32ABE824FA3F}"
EndProject
Global
	GlobalSection(SolutionConfigurationPlatforms) = preSolution
		Debug|x64 = Debug|x64
		Release|x64 = Release|x64
	EndGlobalSection
	GlobalSection(ProjectConfigurationPlatforms) = postSolution
		{1E8C9535-BE19-4237-B713-32ABE824FA3F}.Debug|x64.ActiveCfg = Debug|x64
		{1E8C9535-BE19-4237-B713-32ABE824FA3F}.Debug|x64.Build.0 = Debug|x64
		{1E8C9535-BE19-4237-B713-32ABE824FA3F}.Release|x64.ActiveCfg = Release|x64
		{1E8C9535-BE19-4237-B713-32ABE824FA3F}.Release|x64.Build.0 = Release|x64
		{18B6F09B-08A9-49EB-B9AA-C7D7DEBF9F76}.Debug|x64.ActiveCfg = Debug|x64
		{18B6F09B-08A9-49EB-B9AA-C7D7DEBF9F76}.Debug|x64.Build.0 = Debug|x64
		{18B6F09B-08A9-49EB-B9AA-C7D7DEBF9F76}.Release|x64.ActiveCfg = Release|x64
		{18B6F09B-08A9-49EB-B9AA-C7D7DEBF9F76}.Release|x64.Build.0 = Release|x64
	EndGlobalSection
	GlobalSection(SolutionProperties) = preSolution
		HideSolutionNode = FALSE
	EndGlobalSection
	GlobalSection(ExtensibilityGlobals) = postSolution
		SolutionGuid = {9CBB2A8C-762D-42BD-93EC-CB5EA1976F18}
	EndGlobalSection
EndGlobal
