<?xml version="1.0" encoding="utf-8"?>
<Project ToolsVersion="4.0" xmlns="http://schemas.microsoft.com/developer/msbuild/2003">
  <ItemGroup>
    <Filter Include="Platform">
      <UniqueIdentifier>{2AC788B4-1694-E3BF-3FAD-D1672BD9184E}</UniqueIdentifier>
    </Filter>
    <Filter Include="Platform\OpenGL">
      <UniqueIdentifier>{1E7D2C1D-8A08-9AE1-9319-1DD6FF23F6E1}</UniqueIdentifier>
    </Filter>
    <Filter Include="Platform\Windows">
      <UniqueIdentifier>{64FBD71A-50F4-F66C-7926-DCF1657ED678}</UniqueIdentifier>
    </Filter>
    <Filter Include="WooEngine">
      <UniqueIdentifier>{505A6702-BCC4-1B79-0503-CD1E71ACF9CD}</UniqueIdentifier>
    </Filter>
    <Filter Include="WooEngine\Events">
      <UniqueIdentifier>{344C662D-2045-857F-4977-6A0435CF648B}</UniqueIdentifier>
    </Filter>
    <Filter Include="WooEngine\ImGui">
      <UniqueIdentifier>{7A4B3E6E-E6D6-AB32-EFE7-2E275BF20733}</UniqueIdentifier>
    </Filter>
  </ItemGroup>
  <ItemGroup>
    <ClInclude Include="src\Platform\OpenGL\ImGUiOpenGLRenderer.h">
      <Filter>Platform\OpenGL</Filter>
    </ClInclude>
    <ClInclude Include="src\Platform\Windows\WindowsWindow.h">
      <Filter>Platform\Windows</Filter>
    </ClInclude>
    <ClInclude Include="src\WooEngine.h" />
    <ClInclude Include="src\WooEngine\Application.h">
      <Filter>WooEngine</Filter>
    </ClInclude>
    <ClInclude Include="src\WooEngine\Core.h">
      <Filter>WooEngine</Filter>
    </ClInclude>
    <ClInclude Include="src\WooEngine\EntryPoint.h">
      <Filter>WooEngine</Filter>
    </ClInclude>
    <ClInclude Include="src\WooEngine\Events\ApplicationEvent.h">
      <Filter>WooEngine\Events</Filter>
    </ClInclude>
    <ClInclude Include="src\WooEngine\Events\Event.h">
      <Filter>WooEngine\Events</Filter>
    </ClInclude>
    <ClInclude Include="src\WooEngine\Events\KeyEvent.h">
      <Filter>WooEngine\Events</Filter>
    </ClInclude>
    <ClInclude Include="src\WooEngine\Events\MouseEvent.h">
      <Filter>WooEngine\Events</Filter>
    </ClInclude>
    <ClInclude Include="src\WooEngine\ImGui\ImGuiLayer.h">
      <Filter>WooEngine\ImGui</Filter>
    </ClInclude>
    <ClInclude Include="src\WooEngine\Layer.h">
      <Filter>WooEngine</Filter>
    </ClInclude>
    <ClInclude Include="src\WooEngine\LayerStack.h">
      <Filter>WooEngine</Filter>
    </ClInclude>
    <ClInclude Include="src\WooEngine\Log.h">
      <Filter>WooEngine</Filter>
    </ClInclude>
    <ClInclude Include="src\WooEngine\Window.h">
      <Filter>WooEngine</Filter>
    </ClInclude>
    <ClInclude Include="src\wepch.h" />
    <ClInclude Include="src\WooEngine\Input.h" />
    <ClInclude Include="src\Platform\Windows\WindowsInput.h" />
  </ItemGroup>
  <ItemGroup>
    <ClCompile Include="src\Platform\OpenGL\ImGUiOpenGLRenderer.cpp">
      <Filter>Platform\OpenGL</Filter>
    </ClCompile>
    <ClCompile Include="src\Platform\Windows\WindowsWindow.cpp">
      <Filter>Platform\Windows</Filter>
    </ClCompile>
    <ClCompile Include="src\WooEngine\Application.cpp">
      <Filter>WooEngine</Filter>
    </ClCompile>
    <ClCompile Include="src\WooEngine\ImGui\ImGuiLayer.cpp">
      <Filter>WooEngine\ImGui</Filter>
    </ClCompile>
    <ClCompile Include="src\WooEngine\Layer.cpp">
      <Filter>WooEngine</Filter>
    </ClCompile>
    <ClCompile Include="src\WooEngine\LayerStack.cpp">
      <Filter>WooEngine</Filter>
    </ClCompile>
    <ClCompile Include="src\WooEngine\Log.cpp">
      <Filter>WooEngine</Filter>
    </ClCompile>
    <ClCompile Include="src\wepch.cpp" />
    <ClCompile Include="src\Platform\Windows\WindowsInput.cpp" />
  </ItemGroup>
</Project>