<?xml version="1.0" encoding="utf-8"?>
<Project ToolsVersion="4.0" xmlns="http://schemas.microsoft.com/developer/msbuild/2003">
  <ItemGroup>
    <Filter Include="WooEngine">
      <UniqueIdentifier>{505A6702-BCC4-1B79-0503-CD1E71ACF9CD}</UniqueIdentifier>
    </Filter>
    <Filter Include="WooEngine\Events">
      <UniqueIdentifier>{344C662D-2045-857F-4977-6A0435CF648B}</UniqueIdentifier>
    </Filter>
  </ItemGroup>
  <ItemGroup>
    <ClInclude Include="src\WooEngine.h" />
    <ClInclude Include="src\WooEngine\Application.h">
      <Filter>WooEngine</Filter>
    </ClInclude>
    <ClInclude Include="src\WooEngine\Core.h">
      <Filter>WooEngine</Filter>
    </ClInclude>
    <ClInclude Include="src\WooEngine\EntryPoint.h">
      <Filter>WooEngine</Filter>
    </ClInclude>
    <ClInclude Include="src\WooEngine\Events\ApplicationEvent.h">
      <Filter>WooEngine\Events</Filter>
    </ClInclude>
    <ClInclude Include="src\WooEngine\Events\Event.h">
      <Filter>WooEngine\Events</Filter>
    </ClInclude>
    <ClInclude Include="src\WooEngine\Events\KeyEvent.h">
      <Filter>WooEngine\Events</Filter>
    </ClInclude>
    <ClInclude Include="src\WooEngine\Events\MouseEvent.h">
      <Filter>WooEngine\Events</Filter>
    </ClInclude>
    <ClInclude Include="src\WooEngine\Log.h">
      <Filter>WooEngine</Filter>
    </ClInclude>
    <ClInclude Include="src\wepch.h" />
    <ClInclude Include="src\WooEngine\Window.h" />
    <ClInclude Include="src\Platform\Windows\WindowsWindow.h" />
  </ItemGroup>
  <ItemGroup>
    <ClCompile Include="src\WooEngine\Application.cpp">
      <Filter>WooEngine</Filter>
    </ClCompile>
    <ClCompile Include="src\WooEngine\Log.cpp">
      <Filter>WooEngine</Filter>
    </ClCompile>
    <ClCompile Include="src\wepch.cpp" />
    <ClCompile Include="src\Platform\Windows\WindowsWindow.cpp" />
  </ItemGroup>
</Project>